Microsoft Visual Studio Solution File, Format Version 12.00
# Visual Studio Version 17
VisualStudioVersion = 17.5.2.0
MinimumVisualStudioVersion = 10.0.40219.1
Project("{FAE04EC0-301F-11D3-BF4B-00C04F79EFBC}") = "PuzzleBubble", "PuzzleBubble.csproj", "{FC2F3FBF-2F6D-D9D6-183A-7D38CAD1725B}"
EndProject
Global
	GlobalSection(SolutionConfigurationPlatforms) = preSolution
		Debug|Any CPU = Debug|Any CPU
		Release|Any CPU = Release|Any CPU
	EndGlobalSection
	GlobalSection(ProjectConfigurationPlatforms) = postSolution
		{FC2F3FBF-2F6D-D9D6-183A-7D38CAD1725B}.Debug|Any CPU.ActiveCfg = Debug|Any CPU
		{FC2F3FBF-2F6D-D9D6-183A-7D38CAD1725B}.Debug|Any CPU.Build.0 = Debug|Any CPU
		{FC2F3FBF-2F6D-D9D6-183A-7D38CAD1725B}.Release|Any CPU.ActiveCfg = Release|Any CPU
		{FC2F3FBF-2F6D-D9D6-183A-7D38CAD1725B}.Release|Any CPU.Build.0 = Release|Any CPU
	EndGlobalSection
	GlobalSection(SolutionProperties) = preSolution
		HideSolutionNode = FALSE
	EndGlobalSection
	GlobalSection(ExtensibilityGlobals) = postSolution
		SolutionGuid = {EEF1721E-F3C9-49E9-B3B8-D0E3213E25A2}
	EndGlobalSection
EndGlobal
